
Microsoft Visual Studio Solution File, Format Version 12.00
# Visual Studio Version 17
VisualStudioVersion = 17.0.31903.59
MinimumVisualStudioVersion = 10.0.40219.1
Project("{2150E333-8FDC-42A3-9474-1A3956D46DE8}") = "src", "src", "{827E0CD3-B72D-47B6-A68D-7590B98EB39B}"
EndProject
Project("{FAE04EC0-301F-11D3-BF4B-00C04F79EFBC}") = "LlmRouter.Core", "src\LlmRouter.Core\LlmRouter.Core.csproj", "{39E29DFC-48BC-46A6-939A-299458ED0E38}"
EndProject
Project("{FAE04EC0-301F-11D3-BF4B-00C04F79EFBC}") = "LlmRouter.Infrastructure", "src\LlmRouter.Infrastructure\LlmRouter.Infrastructure.csproj", "{F925B69D-E8E5-477D-A232-F05D9AC89F6E}"
EndProject
Project("{FAE04EC0-301F-11D3-BF4B-00C04F79EFBC}") = "LlmRouter.Api", "src\LlmRouter.Api\LlmRouter.Api.csproj", "{2D878887-7342-4942-B539-FCC26EEF0176}"
EndProject
Project("{2150E333-8FDC-42A3-9474-1A3956D46DE8}") = "tests", "tests", "{0AB3BF05-4346-4AA6-1389-037BE0695223}"
EndProject
Project("{FAE04EC0-301F-11D3-BF4B-00C04F79EFBC}") = "LlmRouter.Tests", "tests\LlmRouter.Tests\LlmRouter.Tests.csproj", "{815F0E9A-885A-4B5C-9CC1-31B872CC43C5}"
EndProject
Global
	GlobalSection(SolutionConfigurationPlatforms) = preSolution
		Debug|Any CPU = Debug|Any CPU
		Debug|x64 = Debug|x64
		Debug|x86 = Debug|x86
		Release|Any CPU = Release|Any CPU
		Release|x64 = Release|x64
		Release|x86 = Release|x86
	EndGlobalSection
	GlobalSection(ProjectConfigurationPlatforms) = postSolution
		{39E29DFC-48BC-46A6-939A-299458ED0E38}.Debug|Any CPU.ActiveCfg = Debug|Any CPU
		{39E29DFC-48BC-46A6-939A-299458ED0E38}.Debug|Any CPU.Build.0 = Debug|Any CPU
		{39E29DFC-48BC-46A6-939A-299458ED0E38}.Debug|x64.ActiveCfg = Debug|Any CPU
		{39E29DFC-48BC-46A6-939A-299458ED0E38}.Debug|x64.Build.0 = Debug|Any CPU
		{39E29DFC-48BC-46A6-939A-299458ED0E38}.Debug|x86.ActiveCfg = Debug|Any CPU
		{39E29DFC-48BC-46A6-939A-299458ED0E38}.Debug|x86.Build.0 = Debug|Any CPU
		{39E29DFC-48BC-46A6-939A-299458ED0E38}.Release|Any CPU.ActiveCfg = Release|Any CPU
		{39E29DFC-48BC-46A6-939A-299458ED0E38}.Release|Any CPU.Build.0 = Release|Any CPU
		{39E29DFC-48BC-46A6-939A-299458ED0E38}.Release|x64.ActiveCfg = Release|Any CPU
		{39E29DFC-48BC-46A6-939A-299458ED0E38}.Release|x64.Build.0 = Release|Any CPU
		{39E29DFC-48BC-46A6-939A-299458ED0E38}.Release|x86.ActiveCfg = Release|Any CPU
		{39E29DFC-48BC-46A6-939A-299458ED0E38}.Release|x86.Build.0 = Release|Any CPU
		{F925B69D-E8E5-477D-A232-F05D9AC89F6E}.Debug|Any CPU.ActiveCfg = Debug|Any CPU
		{F925B69D-E8E5-477D-A232-F05D9AC89F6E}.Debug|Any CPU.Build.0 = Debug|Any CPU
		{F925B69D-E8E5-477D-A232-F05D9AC89F6E}.Debug|x64.ActiveCfg = Debug|Any CPU
		{F925B69D-E8E5-477D-A232-F05D9AC89F6E}.Debug|x64.Build.0 = Debug|Any CPU
		{F925B69D-E8E5-477D-A232-F05D9AC89F6E}.Debug|x86.ActiveCfg = Debug|Any CPU
		{F925B69D-E8E5-477D-A232-F05D9AC89F6E}.Debug|x86.Build.0 = Debug|Any CPU
		{F925B69D-E8E5-477D-A232-F05D9AC89F6E}.Release|Any CPU.ActiveCfg = Release|Any CPU
		{F925B69D-E8E5-477D-A232-F05D9AC89F6E}.Release|Any CPU.Build.0 = Release|Any CPU
		{F925B69D-E8E5-477D-A232-F05D9AC89F6E}.Release|x64.ActiveCfg = Release|Any CPU
		{F925B69D-E8E5-477D-A232-F05D9AC89F6E}.Release|x64.Build.0 = Release|Any CPU
		{F925B69D-E8E5-477D-A232-F05D9AC89F6E}.Release|x86.ActiveCfg = Release|Any CPU
		{F925B69D-E8E5-477D-A232-F05D9AC89F6E}.Release|x86.Build.0 = Release|Any CPU
		{2D878887-7342-4942-B539-FCC26EEF0176}.Debug|Any CPU.ActiveCfg = Debug|Any CPU
		{2D878887-7342-4942-B539-FCC26EEF0176}.Debug|Any CPU.Build.0 = Debug|Any CPU
		{2D878887-7342-4942-B539-FCC26EEF0176}.Debug|x64.ActiveCfg = Debug|Any CPU
		{2D878887-7342-4942-B539-FCC26EEF0176}.Debug|x64.Build.0 = Debug|Any CPU
		{2D878887-7342-4942-B539-FCC26EEF0176}.Debug|x86.ActiveCfg = Debug|Any CPU
		{2D878887-7342-4942-B539-FCC26EEF0176}.Debug|x86.Build.0 = Debug|Any CPU
		{2D878887-7342-4942-B539-FCC26EEF0176}.Release|Any CPU.ActiveCfg = Release|Any CPU
		{2D878887-7342-4942-B539-FCC26EEF0176}.Release|Any CPU.Build.0 = Release|Any CPU
		{2D878887-7342-4942-B539-FCC26EEF0176}.Release|x64.ActiveCfg = Release|Any CPU
		{2D878887-7342-4942-B539-FCC26EEF0176}.Release|x64.Build.0 = Release|Any CPU
		{2D878887-7342-4942-B539-FCC26EEF0176}.Release|x86.ActiveCfg = Release|Any CPU
		{2D878887-7342-4942-B539-FCC26EEF0176}.Release|x86.Build.0 = Release|Any CPU
		{815F0E9A-885A-4B5C-9CC1-31B872CC43C5}.Debug|Any CPU.ActiveCfg = Debug|Any CPU
		{815F0E9A-885A-4B5C-9CC1-31B872CC43C5}.Debug|Any CPU.Build.0 = Debug|Any CPU
		{815F0E9A-885A-4B5C-9CC1-31B872CC43C5}.Debug|x64.ActiveCfg = Debug|Any CPU
		{815F0E9A-885A-4B5C-9CC1-31B872CC43C5}.Debug|x64.Build.0 = Debug|Any CPU
		{815F0E9A-885A-4B5C-9CC1-31B872CC43C5}.Debug|x86.ActiveCfg = Debug|Any CPU
		{815F0E9A-885A-4B5C-9CC1-31B872CC43C5}.Debug|x86.Build.0 = Debug|Any CPU
		{815F0E9A-885A-4B5C-9CC1-31B872CC43C5}.Release|Any CPU.ActiveCfg = Release|Any CPU
		{815F0E9A-885A-4B5C-9CC1-31B872CC43C5}.Release|Any CPU.Build.0 = Release|Any CPU
		{815F0E9A-885A-4B5C-9CC1-31B872CC43C5}.Release|x64.ActiveCfg = Release|Any CPU
		{815F0E9A-885A-4B5C-9CC1-31B872CC43C5}.Release|x64.Build.0 = Release|Any CPU
		{815F0E9A-885A-4B5C-9CC1-31B872CC43C5}.Release|x86.ActiveCfg = Release|Any CPU
		{815F0E9A-885A-4B5C-9CC1-31B872CC43C5}.Release|x86.Build.0 = Release|Any CPU
	EndGlobalSection
	GlobalSection(SolutionProperties) = preSolution
		HideSolutionNode = FALSE
	EndGlobalSection
	GlobalSection(NestedProjects) = preSolution
		{39E29DFC-48BC-46A6-939A-299458ED0E38} = {827E0CD3-B72D-47B6-A68D-7590B98EB39B}
		{F925B69D-E8E5-477D-A232-F05D9AC89F6E} = {827E0CD3-B72D-47B6-A68D-7590B98EB39B}
		{2D878887-7342-4942-B539-FCC26EEF0176} = {827E0CD3-B72D-47B6-A68D-7590B98EB39B}
		{815F0E9A-885A-4B5C-9CC1-31B872CC43C5} = {0AB3BF05-4346-4AA6-1389-037BE0695223}
	EndGlobalSection
EndGlobal
